
Microsoft Visual Studio Solution File, Format Version 12.00
Project("{FAE04EC0-301F-11D3-BF4B-00C04F79EFBC}") = "DeckServiceTests", "DeckServiceTests\DeckServiceTests.csproj", "{8F01E7E7-CA2C-4E5E-A0C6-365A1914181E}"
EndProject
Project("{FAE04EC0-301F-11D3-BF4B-00C04F79EFBC}") = "DeckService", "DeckService\DeckService.csproj", "{2D073D45-6165-452C-A050-FD1F1F36F077}"
EndProject
Global
	GlobalSection(SolutionConfigurationPlatforms) = preSolution
		Debug|Any CPU = Debug|Any CPU
		Release|Any CPU = Release|Any CPU
	EndGlobalSection
	GlobalSection(ProjectConfigurationPlatforms) = postSolution
		{8F01E7E7-CA2C-4E5E-A0C6-365A1914181E}.Debug|Any CPU.ActiveCfg = Debug|Any CPU
		{8F01E7E7-CA2C-4E5E-A0C6-365A1914181E}.Debug|Any CPU.Build.0 = Debug|Any CPU
		{8F01E7E7-CA2C-4E5E-A0C6-365A1914181E}.Release|Any CPU.ActiveCfg = Release|Any CPU
		{8F01E7E7-CA2C-4E5E-A0C6-365A1914181E}.Release|Any CPU.Build.0 = Release|Any CPU
		{2D073D45-6165-452C-A050-FD1F1F36F077}.Debug|Any CPU.ActiveCfg = Debug|Any CPU
		{2D073D45-6165-452C-A050-FD1F1F36F077}.Debug|Any CPU.Build.0 = Debug|Any CPU
		{2D073D45-6165-452C-A050-FD1F1F36F077}.Release|Any CPU.ActiveCfg = Release|Any CPU
		{2D073D45-6165-452C-A050-FD1F1F36F077}.Release|Any CPU.Build.0 = Release|Any CPU
	EndGlobalSection
EndGlobal
